
Microsoft Visual Studio Solution File, Format Version 12.00
# Visual Studio Version 17
VisualStudioVersion = 17.4.33110.190
MinimumVisualStudioVersion = 10.0.40219.1
Project("{FAE04EC0-301F-11D3-BF4B-00C04F79EFBC}") = "ApplyMasksForWorldCup", "ApplyMasksForWorldCup.csproj", "{56D21DC6-89DD-4837-A30E-B1912B8EA3DB}"
EndProject
Global
	GlobalSection(SolutionConfigurationPlatforms) = preSolution
		Debug|Any CPU = Debug|Any CPU
		Release|Any CPU = Release|Any CPU
	EndGlobalSection
	GlobalSection(ProjectConfigurationPlatforms) = postSolution
		{56D21DC6-89DD-4837-A30E-B1912B8EA3DB}.Debug|Any CPU.ActiveCfg = Debug|Any CPU
		{56D21DC6-89DD-4837-A30E-B1912B8EA3DB}.Debug|Any CPU.Build.0 = Debug|Any CPU
		{56D21DC6-89DD-4837-A30E-B1912B8EA3DB}.Release|Any CPU.ActiveCfg = Release|Any CPU
		{56D21DC6-89DD-4837-A30E-B1912B8EA3DB}.Release|Any CPU.Build.0 = Release|Any CPU
	EndGlobalSection
	GlobalSection(SolutionProperties) = preSolution
		HideSolutionNode = FALSE
	EndGlobalSection
	GlobalSection(ExtensibilityGlobals) = postSolution
		SolutionGuid = {C5003260-B0C6-44C9-ADBF-C05608BBE3E9}
	EndGlobalSection
EndGlobal
